
Microsoft Visual Studio Solution File, Format Version 12.00
# Visual Studio Version 16
VisualStudioVersion = 16.0.28729.10
MinimumVisualStudioVersion = 10.0.40219.1
Project("{FAE04EC0-301F-11D3-BF4B-00C04F79EFBC}") = "UCACallsCLMathsPrj", "UCACallsCLMathsPrj\UCACallsCLMathsPrj.csproj", "{1890E9AA-DB40-4546-9CE7-1A8D53190D77}"
EndProject
Global
	GlobalSection(SolutionConfigurationPlatforms) = preSolution
		Debug|Any CPU = Debug|Any CPU
		Release|Any CPU = Release|Any CPU
	EndGlobalSection
	GlobalSection(ProjectConfigurationPlatforms) = postSolution
		{1890E9AA-DB40-4546-9CE7-1A8D53190D77}.Debug|Any CPU.ActiveCfg = Debug|Any CPU
		{1890E9AA-DB40-4546-9CE7-1A8D53190D77}.Debug|Any CPU.Build.0 = Debug|Any CPU
		{1890E9AA-DB40-4546-9CE7-1A8D53190D77}.Release|Any CPU.ActiveCfg = Release|Any CPU
		{1890E9AA-DB40-4546-9CE7-1A8D53190D77}.Release|Any CPU.Build.0 = Release|Any CPU
	EndGlobalSection
	GlobalSection(SolutionProperties) = preSolution
		HideSolutionNode = FALSE
	EndGlobalSection
	GlobalSection(ExtensibilityGlobals) = postSolution
		SolutionGuid = {13151A51-461A-45D7-8C3A-E81491437CFB}
	EndGlobalSection
EndGlobal
